
Microsoft Visual Studio Solution File, Format Version 12.00
# Visual Studio Version 17
VisualStudioVersion = 17.7.34031.279
MinimumVisualStudioVersion = 10.0.40219.1
Project("{FAE04EC0-301F-11D3-BF4B-00C04F79EFBC}") = "DesktopSupportApi", "DesktopSupportApi\DesktopSupportApi.csproj", "{6FDE09F2-CAC2-489E-AF21-721FA6D4041E}"
EndProject
Global
	GlobalSection(SolutionConfigurationPlatforms) = preSolution
		Debug|Any CPU = Debug|Any CPU
		Release|Any CPU = Release|Any CPU
	EndGlobalSection
	GlobalSection(ProjectConfigurationPlatforms) = postSolution
		{6FDE09F2-CAC2-489E-AF21-721FA6D4041E}.Debug|Any CPU.ActiveCfg = Debug|Any CPU
		{6FDE09F2-CAC2-489E-AF21-721FA6D4041E}.Debug|Any CPU.Build.0 = Debug|Any CPU
		{6FDE09F2-CAC2-489E-AF21-721FA6D4041E}.Release|Any CPU.ActiveCfg = Release|Any CPU
		{6FDE09F2-CAC2-489E-AF21-721FA6D4041E}.Release|Any CPU.Build.0 = Release|Any CPU
	EndGlobalSection
	GlobalSection(SolutionProperties) = preSolution
		HideSolutionNode = FALSE
	EndGlobalSection
	GlobalSection(ExtensibilityGlobals) = postSolution
		SolutionGuid = {270C9C5A-D6C7-4CA8-B961-C4E6E337005A}
	EndGlobalSection
EndGlobal
